// !$*UTF8*$!
{
	archiveVersion = 1;
	classes = {
	};
	objectVersion = 46;
	objects = {

/* Begin PBXBuildFile section */
		52D971CA1E864C83006E7EAD /* AppDelegate.swift in Sources */ = {isa = PBXBuildFile; fileRef = 52D971C91E864C83006E7EAD /* AppDelegate.swift */; };
		52D971CC1E864C83006E7EAD /* ViewController.swift in Sources */ = {isa = PBXBuildFile; fileRef = 52D971CB1E864C83006E7EAD /* ViewController.swift */; };
		52D971CF1E864C83006E7EAD /* Main.storyboard in Resources */ = {isa = PBXBuildFile; fileRef = 52D971CD1E864C83006E7EAD /* Main.storyboard */; };
		52D971D11E864C83006E7EAD /* Assets.xcassets in Resources */ = {isa = PBXBuildFile; fileRef = 52D971D01E864C83006E7EAD /* Assets.xcassets */; };
		52D971D41E864C83006E7EAD /* LaunchScreen.storyboard in Resources */ = {isa = PBXBuildFile; fileRef = 52D971D21E864C83006E7EAD /* LaunchScreen.storyboard */; };
		52D971DD1E8655F6006E7EAD /* pokemon.csv in Resources */ = {isa = PBXBuildFile; fileRef = 52D971DC1E8655F6006E7EAD /* pokemon.csv */; };
/* End PBXBuildFile section */

/* Begin PBXFileReference section */
		52D971C61E864C83006E7EAD /* pokemon.app */ = {isa = PBXFileReference; explicitFileType = wrapper.application; includeInIndex = 0; path = pokemon.app; sourceTree = BUILT_PRODUCTS_DIR; };
		52D971C91E864C83006E7EAD /* AppDelegate.swift */ = {isa = PBXFileReference; lastKnownFileType = sourcecode.swift; path = AppDelegate.swift; sourceTree = "<group>"; };
		52D971CB1E864C83006E7EAD /* ViewController.swift */ = {isa = PBXFileReference; lastKnownFileType = sourcecode.swift; path = ViewController.swift; sourceTree = "<group>"; };
		52D971CE1E864C83006E7EAD /* Base */ = {isa = PBXFileReference; lastKnownFileType = file.storyboard; name = Base; path = Base.lproj/Main.storyboard; sourceTree = "<group>"; };
		52D971D01E864C83006E7EAD /* Assets.xcassets */ = {isa = PBXFileReference; lastKnownFileType = folder.assetcatalog; path = Assets.xcassets; sourceTree = "<group>"; };
		52D971D31E864C83006E7EAD /* Base */ = {isa = PBXFileReference; lastKnownFileType = file.storyboard; name = Base; path = Base.lproj/LaunchScreen.storyboard; sourceTree = "<group>"; };
		52D971D51E864C83006E7EAD /* Info.plist */ = {isa = PBXFileReference; lastKnownFileType = text.plist.xml; path = Info.plist; sourceTree = "<group>"; };
		52D971DC1E8655F6006E7EAD /* pokemon.csv */ = {isa = PBXFileReference; fileEncoding = 4; lastKnownFileType = text; path = pokemon.csv; sourceTree = "<group>"; };
/* End PBXFileReference section */

/* Begin PBXFrameworksBuildPhase section */
		52D971C31E864C83006E7EAD /* Frameworks */ = {
			isa = PBXFrameworksBuildPhase;
			buildActionMask = 2147483647;
			files = (
			);
			runOnlyForDeploymentPostprocessing = 0;
		};
/* End PBXFrameworksBuildPhase section */

/* Begin PBXGroup section */
		52D971BD1E864C83006E7EAD = {
			isa = PBXGroup;
			children = (
				52D971C81E864C83006E7EAD /* pokemon */,
				52D971C71E864C83006E7EAD /* Products */,
			);
			sourceTree = "<group>";
		};
		52D971C71E864C83006E7EAD /* Products */ = {
			isa = PBXGroup;
			children = (
				52D971C61E864C83006E7EAD /* pokemon.app */,
			);
			name = Products;
			sourceTree = "<group>";
		};
		52D971C81E864C83006E7EAD /* pokemon */ = {
			isa = PBXGroup;
			children = (
				52D971DB1E8655E9006E7EAD /* Data */,
				52D971C91E864C83006E7EAD /* AppDelegate.swift */,
				52D971CB1E864C83006E7EAD /* ViewController.swift */,
				52D971CD1E864C83006E7EAD /* Main.storyboard */,
				52D971D01E864C83006E7EAD /* Assets.xcassets */,
				52D971D21E864C83006E7EAD /* LaunchScreen.storyboard */,
				52D971D51E864C83006E7EAD /* Info.plist */,
			);
			path = pokemon;
			sourceTree = "<group>";
		};
		52D971DB1E8655E9006E7EAD /* Data */ = {
			isa = PBXGroup;
			children = (
				52D971DC1E8655F6006E7EAD /* pokemon.csv */,
			);
			name = Data;
			sourceTree = "<group>";
		};
/* End PBXGroup section */

/* Begin PBXNativeTarget section */
		52D971C51E864C83006E7EAD /* pokemon */ = {
			isa = PBXNativeTarget;
			buildConfigurationList = 52D971D81E864C83006E7EAD /* Build configuration list for PBXNativeTarget "pokemon" */;
			buildPhases = (
				52D971C21E864C83006E7EAD /* Sources */,
				52D971C31E864C83006E7EAD /* Frameworks */,
				52D971C41E864C83006E7EAD /* Resources */,
			);
			buildRules = (
			);
			dependencies = (
			);
			name = pokemon;
			productName = pokemon;
			productReference = 52D971C61E864C83006E7EAD /* pokemon.app */;
			productType = "com.apple.product-type.application";
		};
/* End PBXNativeTarget section */

/* Begin PBXProject section */
		52D971BE1E864C83006E7EAD /* Project object */ = {
			isa = PBXProject;
			attributes = {
				LastSwiftUpdateCheck = 0820;
				LastUpgradeCheck = 0820;
				ORGANIZATIONNAME = "360 Logix Solutions Inc.";
				TargetAttributes = {
					52D971C51E864C83006E7EAD = {
						CreatedOnToolsVersion = 8.2.1;
						DevelopmentTeam = UYT9WMCVM7;
						ProvisioningStyle = Automatic;
					};
				};
			};
			buildConfigurationList = 52D971C11E864C83006E7EAD /* Build configuration list for PBXProject "pokemon" */;
			compatibilityVersion = "Xcode 3.2";
			developmentRegion = English;
			hasScannedForEncodings = 0;
			knownRegions = (
				en,
				Base,
			);
			mainGroup = 52D971BD1E864C83006E7EAD;
			productRefGroup = 52D971C71E864C83006E7EAD /* Products */;
			projectDirPath = "";
			projectRoot = "";
			targets = (
				52D971C51E864C83006E7EAD /* pokemon */,
			);
		};
/* End PBXProject section */

/* Begin PBXResourcesBuildPhase section */
		52D971C41E864C83006E7EAD /* Resources */ = {
			isa = PBXResourcesBuildPhase;
			buildActionMask = 2147483647;
			files = (
				52D971D41E864C83006E7EAD /* LaunchScreen.storyboard in Resources */,
				52D971D11E864C83006E7EAD /* Assets.xcassets in Resources */,
				52D971DD1E8655F6006E7EAD /* pokemon.csv in Resources */,
				52D971CF1E864C83006E7EAD /* Main.storyboard in Resources */,
			);
			runOnlyForDeploymentPostprocessing = 0;
		};
/* End PBXResourcesBuildPhase section */

/* Begin PBXSourcesBuildPhase section */
		52D971C21E864C83006E7EAD /* Sources */ = {
			isa = PBXSourcesBuildPhase;
			buildActionMask = 2147483647;
			files = (
				52D971CC1E864C83006E7EAD /* ViewController.swift in Sources */,
				52D971CA1E864C83006E7EAD /* AppDelegate.swift in Sources */,
			);
			runOnlyForDeploymentPostprocessing = 0;
		};
/* End PBXSourcesBuildPhase section */

/* Begin PBXVariantGroup section */
		52D971CD1E864C83006E7EAD /* Main.storyboard */ = {
			isa = PBXVariantGroup;
			children = (
				52D971CE1E864C83006E7EAD /* Base */,
			);
			name = Main.storyboard;
			sourceTree = "<group>";
		};
		52D971D21E864C83006E7EAD /* LaunchScreen.storyboard */ = {
			isa = PBXVariantGroup;
			children = (
				52D971D31E864C83006E7EAD /* Base */,
			);
			name = LaunchScreen.storyboard;
			sourceTree = "<group>";
		};
/* End PBXVariantGroup section */

/* Begin XCBuildConfiguration section */
		52D971D61E864C83006E7EAD /* Debug */ = {
			isa = XCBuildConfiguration;
			buildSettings = {
				ALWAYS_SEARCH_USER_PATHS = NO;
				CLANG_ANALYZER_NONNULL = YES;
				CLANG_CXX_LANGUAGE_STANDARD = "gnu++0x";
				CLANG_CXX_LIBRARY = "libc++";
				CLANG_ENABLE_MODULES = YES;
				CLANG_ENABLE_OBJC_ARC = YES;
				CLANG_WARN_BOOL_CONVERSION = YES;
				CLANG_WARN_CONSTANT_CONVERSION = YES;
				CLANG_WARN_DIRECT_OBJC_ISA_USAGE = YES_ERROR;
				CLANG_WARN_DOCUMENTATION_COMMENTS = YES;
				CLANG_WARN_EMPTY_BODY = YES;
				CLANG_WARN_ENUM_CONVERSION = YES;
				CLANG_WARN_INFINITE_RECURSION = YES;
				CLANG_WARN_INT_CONVERSION = YES;
				CLANG_WARN_OBJC_ROOT_CLASS = YES_ERROR;
				CLANG_WARN_SUSPICIOUS_MOVE = YES;
				CLANG_WARN_UNREACHABLE_CODE = YES;
				CLANG_WARN__DUPLICATE_METHOD_MATCH = YES;
				"CODE_SIGN_IDENTITY[sdk=iphoneos*]" = "iPhone Developer";
				COPY_PHASE_STRIP = NO;
				DEBUG_INFORMATION_FORMAT = dwarf;
				ENABLE_STRICT_OBJC_MSGSEND = YES;
				ENABLE_TESTABILITY = YES;
				GCC_C_LANGUAGE_STANDARD = gnu99;
				GCC_DYNAMIC_NO_PIC = NO;
				GCC_NO_COMMON_BLOCKS = YES;
				GCC_OPTIMIZATION_LEVEL = 0;
				GCC_PREPROCESSOR_DEFINITIONS = (
					"DEBUG=1",
					"$(inherited)",
				);
				GCC_WARN_64_TO_32_BIT_CONVERSION = YES;
				GCC_WARN_ABOUT_RETURN_TYPE = YES_ERROR;
				GCC_WARN_UNDECLARED_SELECTOR = YES;
				GCC_WARN_UNINITIALIZED_AUTOS = YES_AGGRESSIVE;
				GCC_WARN_UNUSED_FUNCTION = YES;
				GCC_WARN_UNUSED_VARIABLE = YES;
				IPHONEOS_DEPLOYMENT_TARGET = 10.2;
				MTL_ENABLE_DEBUG_INFO = YES;
				ONLY_ACTIVE_ARCH = YES;
				SDKROOT = iphoneos;
				SWIFT_ACTIVE_COMPILATION_CONDITIONS = DEBUG;
				SWIFT_OPTIMIZATION_LEVEL = "-Onone";
				TARGETED_DEVICE_FAMILY = "1,2";
			};
			name = Debug;
		};
		52D971D71E864C83006E7EAD /* Release */ = {
			isa = XCBuildConfiguration;
			buildSettings = {
				ALWAYS_SEARCH_USER_PATHS = NO;
				CLANG_ANALYZER_NONNULL = YES;
				CLANG_CXX_LANGUAGE_STANDARD = "gnu++0x";
				CLANG_CXX_LIBRARY = "libc++";
				CLANG_ENABLE_MODULES = YES;
				CLANG_ENABLE_OBJC_ARC = YES;
				CLANG_WARN_BOOL_CONVERSION = YES;
				CLANG_WARN_CONSTANT_CONVERSION = YES;
				CLANG_WARN_DIRECT_OBJC_ISA_USAGE = YES_ERROR;
				CLANG_WARN_DOCUMENTATION_COMMENTS = YES;
				CLANG_WARN_EMPTY_BODY = YES;
				CLANG_WARN_ENUM_CONVERSION = YES;
				CLANG_WARN_INFINITE_RECURSION = YES;
				CLANG_WARN_INT_CONVERSION = YES;
				CLANG_WARN_OBJC_ROOT_CLASS = YES_ERROR;
				CLANG_WARN_SUSPICIOUS_MOVE = YES;
				CLANG_WARN_UNREACHABLE_CODE = YES;
				CLANG_WARN__DUPLICATE_METHOD_MATCH = YES;
				"CODE_SIGN_IDENTITY[sdk=iphoneos*]" = "iPhone Developer";
				COPY_PHASE_STRIP = NO;
				DEBUG_INFORMATION_FORMAT = "dwarf-with-dsym";
				ENABLE_NS_ASSERTIONS = NO;
				ENABLE_STRICT_OBJC_MSGSEND = YES;
				GCC_C_LANGUAGE_STANDARD = gnu99;
				GCC_NO_COMMON_BLOCKS = YES;
				GCC_WARN_64_TO_32_BIT_CONVERSION = YES;
				GCC_WARN_ABOUT_RETURN_TYPE = YES_ERROR;
				GCC_WARN_UNDECLARED_SELECTOR = YES;
				GCC_WARN_UNINITIALIZED_AUTOS = YES_AGGRESSIVE;
				GCC_WARN_UNUSED_FUNCTION = YES;
				GCC_WARN_UNUSED_VARIABLE = YES;
				IPHONEOS_DEPLOYMENT_TARGET = 10.2;
				MTL_ENABLE_DEBUG_INFO = NO;
				SDKROOT = iphoneos;
				SWIFT_OPTIMIZATION_LEVEL = "-Owholemodule";
				TARGETED_DEVICE_FAMILY = "1,2";
				VALIDATE_PRODUCT = YES;
			};
			name = Release;
		};
		52D971D91E864C83006E7EAD /* Debug */ = {
			isa = XCBuildConfiguration;
			buildSettings = {
				ASSETCATALOG_COMPILER_APPICON_NAME = AppIcon;
				DEVELOPMENT_TEAM = UYT9WMCVM7;
				INFOPLIST_FILE = pokemon/Info.plist;
				LD_RUNPATH_SEARCH_PATHS = "$(inherited) @executable_path/Frameworks";
				PRODUCT_BUNDLE_IDENTIFIER = com.360logix.pokemon;
				PRODUCT_NAME = "$(TARGET_NAME)";
				SWIFT_VERSION = 3.0;
			};
			name = Debug;
		};
		52D971DA1E864C83006E7EAD /* Release */ = {
			isa = XCBuildConfiguration;
			buildSettings = {
				ASSETCATALOG_COMPILER_APPICON_NAME = AppIcon;
				DEVELOPMENT_TEAM = UYT9WMCVM7;
				INFOPLIST_FILE = pokemon/Info.plist;
				LD_RUNPATH_SEARCH_PATHS = "$(inherited) @executable_path/Frameworks";
				PRODUCT_BUNDLE_IDENTIFIER = com.360logix.pokemon;
				PRODUCT_NAME = "$(TARGET_NAME)";
				SWIFT_VERSION = 3.0;
			};
			name = Release;
		};
/* End XCBuildConfiguration section */

/* Begin XCConfigurationList section */
		52D971C11E864C83006E7EAD /* Build configuration list for PBXProject "pokemon" */ = {
			isa = XCConfigurationList;
			buildConfigurations = (
				52D971D61E864C83006E7EAD /* Debug */,
				52D971D71E864C83006E7EAD /* Release */,
			);
			defaultConfigurationIsVisible = 0;
			defaultConfigurationName = Release;
		};
		52D971D81E864C83006E7EAD /* Build configuration list for PBXNativeTarget "pokemon" */ = {
			isa = XCConfigurationList;
			buildConfigurations = (
				52D971D91E864C83006E7EAD /* Debug */,
				52D971DA1E864C83006E7EAD /* Release */,
			);
			defaultConfigurationIsVisible = 0;
		};
/* End XCConfigurationList section */
	};
	rootObject = 52D971BE1E864C83006E7EAD /* Project object */;
}
